// !$*UTF8*$!
{
	archiveVersion = 1;
	classes = {
	};
	objectVersion = 46;
	objects = {

/* Begin PBXBuildFile section */
		3B5E9F09244845C10069E1C8 /* LFCameraRecorderTools.m in Sources */ = {isa = PBXBuildFile; fileRef = 3B5E9F08244845C10069E1C8 /* LFCameraRecorderTools.m */; };
		6F05EE291EC44B1C006FC1BF /* main.m in Sources */ = {isa = PBXBuildFile; fileRef = 6F05EE281EC44B1C006FC1BF /* main.m */; };
		6F05EE2C1EC44B1C006FC1BF /* AppDelegate.m in Sources */ = {isa = PBXBuildFile; fileRef = 6F05EE2B1EC44B1C006FC1BF /* AppDelegate.m */; };
		6F05EE2F1EC44B1C006FC1BF /* ViewController.m in Sources */ = {isa = PBXBuildFile; fileRef = 6F05EE2E1EC44B1C006FC1BF /* ViewController.m */; };
		6F05EE321EC44B1C006FC1BF /* Main.storyboard in Resources */ = {isa = PBXBuildFile; fileRef = 6F05EE301EC44B1C006FC1BF /* Main.storyboard */; };
		6F05EE341EC44B1C006FC1BF /* Assets.xcassets in Resources */ = {isa = PBXBuildFile; fileRef = 6F05EE331EC44B1C006FC1BF /* Assets.xcassets */; };
		6F05EE371EC44B1C006FC1BF /* LaunchScreen.storyboard in Resources */ = {isa = PBXBuildFile; fileRef = 6F05EE351EC44B1C006FC1BF /* LaunchScreen.storyboard */; };
		6F359B061F1C4D8C009F2035 /* LFCameraWatermarkOverlayView.m in Sources */ = {isa = PBXBuildFile; fileRef = 6F359B051F1C4D8C009F2035 /* LFCameraWatermarkOverlayView.m */; };
		6F359B091F1C51EF009F2035 /* UIImage+LFCamera_Common.m in Sources */ = {isa = PBXBuildFile; fileRef = 6F359B081F1C51EF009F2035 /* UIImage+LFCamera_Common.m */; };
		6F9F32A21F7CC1B3004B6438 /* LFCameraPlayerView.m in Sources */ = {isa = PBXBuildFile; fileRef = 6F9F32A11F7CC1B3004B6438 /* LFCameraPlayerView.m */; };
		6FAA506B1ED2BB30002D88A2 /* UIImage+LFCamera_Orientation.m in Sources */ = {isa = PBXBuildFile; fileRef = 6FAA505D1ED2BB30002D88A2 /* UIImage+LFCamera_Orientation.m */; };
		6FAA506C1ED2BB30002D88A2 /* LFCameraBaseController.m in Sources */ = {isa = PBXBuildFile; fileRef = 6FAA50601ED2BB30002D88A2 /* LFCameraBaseController.m */; };
		6FAA506D1ED2BB30002D88A2 /* LFCameraDisplayController.m in Sources */ = {isa = PBXBuildFile; fileRef = 6FAA50621ED2BB30002D88A2 /* LFCameraDisplayController.m */; };
		6FAA506E1ED2BB30002D88A2 /* LFCameraTakeViewController.m in Sources */ = {isa = PBXBuildFile; fileRef = 6FAA50641ED2BB30002D88A2 /* LFCameraTakeViewController.m */; };
		6FAA506F1ED2BB30002D88A2 /* LFCameraHeader.m in Sources */ = {isa = PBXBuildFile; fileRef = 6FAA50671ED2BB30002D88A2 /* LFCameraHeader.m */; };
		6FAA50701ED2BB30002D88A2 /* LFCameraPickerController.bundle in Resources */ = {isa = PBXBuildFile; fileRef = 6FAA50681ED2BB30002D88A2 /* LFCameraPickerController.bundle */; };
		6FAA50711ED2BB30002D88A2 /* LFCameraPickerController.m in Sources */ = {isa = PBXBuildFile; fileRef = 6FAA506A1ED2BB30002D88A2 /* LFCameraPickerController.m */; };
		6FAA50761ED2CC3F002D88A2 /* LFRecordButton.m in Sources */ = {isa = PBXBuildFile; fileRef = 6FAA50751ED2CC3F002D88A2 /* LFRecordButton.m */; };
		A229248F3E5DC6DA40F9347F /* libPods-LFCameraPickerControllerDEMO.a in Frameworks */ = {isa = PBXBuildFile; fileRef = 1A6A91C38ED318A2C9956E69 /* libPods-LFCameraPickerControllerDEMO.a */; };
		C73F4CF322362FB200ED40B7 /* NSBundle+LFCamera.m in Sources */ = {isa = PBXBuildFile; fileRef = C73F4CF222362FB200ED40B7 /* NSBundle+LFCamera.m */; };
/* End PBXBuildFile section */

/* Begin PBXFileReference section */
		1A6A91C38ED318A2C9956E69 /* libPods-LFCameraPickerControllerDEMO.a */ = {isa = PBXFileReference; explicitFileType = archive.ar; includeInIndex = 0; path = "libPods-LFCameraPickerControllerDEMO.a"; sourceTree = BUILT_PRODUCTS_DIR; };
		3B5E9F07244845C10069E1C8 /* LFCameraRecorderTools.h */ = {isa = PBXFileReference; lastKnownFileType = sourcecode.c.h; path = LFCameraRecorderTools.h; sourceTree = "<group>"; };
		3B5E9F08244845C10069E1C8 /* LFCameraRecorderTools.m */ = {isa = PBXFileReference; lastKnownFileType = sourcecode.c.objc; path = LFCameraRecorderTools.m; sourceTree = "<group>"; };
		424631D3E6B6637347970A73 /* Pods-LFCameraPickerControllerDEMO.debug.xcconfig */ = {isa = PBXFileReference; includeInIndex = 1; lastKnownFileType = text.xcconfig; name = "Pods-LFCameraPickerControllerDEMO.debug.xcconfig"; path = "../Pods/Target Support Files/Pods-LFCameraPickerControllerDEMO/Pods-LFCameraPickerControllerDEMO.debug.xcconfig"; sourceTree = "<group>"; };
		6F05EE241EC44B1C006FC1BF /* LFCameraPickerControllerDEMO.app */ = {isa = PBXFileReference; explicitFileType = wrapper.application; includeInIndex = 0; path = LFCameraPickerControllerDEMO.app; sourceTree = BUILT_PRODUCTS_DIR; };
		6F05EE281EC44B1C006FC1BF /* main.m */ = {isa = PBXFileReference; lastKnownFileType = sourcecode.c.objc; path = main.m; sourceTree = "<group>"; };
		6F05EE2A1EC44B1C006FC1BF /* AppDelegate.h */ = {isa = PBXFileReference; lastKnownFileType = sourcecode.c.h; path = AppDelegate.h; sourceTree = "<group>"; };
		6F05EE2B1EC44B1C006FC1BF /* AppDelegate.m */ = {isa = PBXFileReference; lastKnownFileType = sourcecode.c.objc; path = AppDelegate.m; sourceTree = "<group>"; };
		6F05EE2D1EC44B1C006FC1BF /* ViewController.h */ = {isa = PBXFileReference; lastKnownFileType = sourcecode.c.h; path = ViewController.h; sourceTree = "<group>"; };
		6F05EE2E1EC44B1C006FC1BF /* ViewController.m */ = {isa = PBXFileReference; lastKnownFileType = sourcecode.c.objc; path = ViewController.m; sourceTree = "<group>"; };
		6F05EE311EC44B1C006FC1BF /* Base */ = {isa = PBXFileReference; lastKnownFileType = file.storyboard; name = Base; path = Base.lproj/Main.storyboard; sourceTree = "<group>"; };
		6F05EE331EC44B1C006FC1BF /* Assets.xcassets */ = {isa = PBXFileReference; lastKnownFileType = folder.assetcatalog; path = Assets.xcassets; sourceTree = "<group>"; };
		6F05EE361EC44B1C006FC1BF /* Base */ = {isa = PBXFileReference; lastKnownFileType = file.storyboard; name = Base; path = Base.lproj/LaunchScreen.storyboard; sourceTree = "<group>"; };
		6F05EE381EC44B1C006FC1BF /* Info.plist */ = {isa = PBXFileReference; lastKnownFileType = text.plist.xml; path = Info.plist; sourceTree = "<group>"; };
		6F359B041F1C4D8C009F2035 /* LFCameraWatermarkOverlayView.h */ = {isa = PBXFileReference; fileEncoding = 4; lastKnownFileType = sourcecode.c.h; path = LFCameraWatermarkOverlayView.h; sourceTree = "<group>"; };
		6F359B051F1C4D8C009F2035 /* LFCameraWatermarkOverlayView.m */ = {isa = PBXFileReference; fileEncoding = 4; lastKnownFileType = sourcecode.c.objc; path = LFCameraWatermarkOverlayView.m; sourceTree = "<group>"; };
		6F359B071F1C51EF009F2035 /* UIImage+LFCamera_Common.h */ = {isa = PBXFileReference; fileEncoding = 4; lastKnownFileType = sourcecode.c.h; path = "UIImage+LFCamera_Common.h"; sourceTree = "<group>"; };
		6F359B081F1C51EF009F2035 /* UIImage+LFCamera_Common.m */ = {isa = PBXFileReference; fileEncoding = 4; lastKnownFileType = sourcecode.c.objc; path = "UIImage+LFCamera_Common.m"; sourceTree = "<group>"; };
		6F9F32A01F7CC1B3004B6438 /* LFCameraPlayerView.h */ = {isa = PBXFileReference; lastKnownFileType = sourcecode.c.h; path = LFCameraPlayerView.h; sourceTree = "<group>"; };
		6F9F32A11F7CC1B3004B6438 /* LFCameraPlayerView.m */ = {isa = PBXFileReference; lastKnownFileType = sourcecode.c.objc; path = LFCameraPlayerView.m; sourceTree = "<group>"; };
		6FAA505C1ED2BB30002D88A2 /* UIImage+LFCamera_Orientation.h */ = {isa = PBXFileReference; fileEncoding = 4; lastKnownFileType = sourcecode.c.h; path = "UIImage+LFCamera_Orientation.h"; sourceTree = "<group>"; };
		6FAA505D1ED2BB30002D88A2 /* UIImage+LFCamera_Orientation.m */ = {isa = PBXFileReference; fileEncoding = 4; lastKnownFileType = sourcecode.c.objc; path = "UIImage+LFCamera_Orientation.m"; sourceTree = "<group>"; };
		6FAA505F1ED2BB30002D88A2 /* LFCameraBaseController.h */ = {isa = PBXFileReference; fileEncoding = 4; lastKnownFileType = sourcecode.c.h; path = LFCameraBaseController.h; sourceTree = "<group>"; };
		6FAA50601ED2BB30002D88A2 /* LFCameraBaseController.m */ = {isa = PBXFileReference; fileEncoding = 4; lastKnownFileType = sourcecode.c.objc; path = LFCameraBaseController.m; sourceTree = "<group>"; };
		6FAA50611ED2BB30002D88A2 /* LFCameraDisplayController.h */ = {isa = PBXFileReference; fileEncoding = 4; lastKnownFileType = sourcecode.c.h; path = LFCameraDisplayController.h; sourceTree = "<group>"; };
		6FAA50621ED2BB30002D88A2 /* LFCameraDisplayController.m */ = {isa = PBXFileReference; fileEncoding = 4; lastKnownFileType = sourcecode.c.objc; path = LFCameraDisplayController.m; sourceTree = "<group>"; };
		6FAA50631ED2BB30002D88A2 /* LFCameraTakeViewController.h */ = {isa = PBXFileReference; fileEncoding = 4; lastKnownFileType = sourcecode.c.h; path = LFCameraTakeViewController.h; sourceTree = "<group>"; };
		6FAA50641ED2BB30002D88A2 /* LFCameraTakeViewController.m */ = {isa = PBXFileReference; fileEncoding = 4; lastKnownFileType = sourcecode.c.objc; path = LFCameraTakeViewController.m; sourceTree = "<group>"; };
		6FAA50661ED2BB30002D88A2 /* LFCameraHeader.h */ = {isa = PBXFileReference; fileEncoding = 4; lastKnownFileType = sourcecode.c.h; path = LFCameraHeader.h; sourceTree = "<group>"; };
		6FAA50671ED2BB30002D88A2 /* LFCameraHeader.m */ = {isa = PBXFileReference; fileEncoding = 4; lastKnownFileType = sourcecode.c.objc; path = LFCameraHeader.m; sourceTree = "<group>"; };
		6FAA50681ED2BB30002D88A2 /* LFCameraPickerController.bundle */ = {isa = PBXFileReference; lastKnownFileType = "wrapper.plug-in"; path = LFCameraPickerController.bundle; sourceTree = "<group>"; };
		6FAA50691ED2BB30002D88A2 /* LFCameraPickerController.h */ = {isa = PBXFileReference; fileEncoding = 4; lastKnownFileType = sourcecode.c.h; path = LFCameraPickerController.h; sourceTree = "<group>"; };
		6FAA506A1ED2BB30002D88A2 /* LFCameraPickerController.m */ = {isa = PBXFileReference; fileEncoding = 4; lastKnownFileType = sourcecode.c.objc; path = LFCameraPickerController.m; sourceTree = "<group>"; };
		6FAA50741ED2CC3F002D88A2 /* LFRecordButton.h */ = {isa = PBXFileReference; fileEncoding = 4; lastKnownFileType = sourcecode.c.h; path = LFRecordButton.h; sourceTree = "<group>"; };
		6FAA50751ED2CC3F002D88A2 /* LFRecordButton.m */ = {isa = PBXFileReference; fileEncoding = 4; lastKnownFileType = sourcecode.c.objc; path = LFRecordButton.m; sourceTree = "<group>"; };
		C73F4CF122362FB200ED40B7 /* NSBundle+LFCamera.h */ = {isa = PBXFileReference; lastKnownFileType = sourcecode.c.h; path = "NSBundle+LFCamera.h"; sourceTree = "<group>"; };
		C73F4CF222362FB200ED40B7 /* NSBundle+LFCamera.m */ = {isa = PBXFileReference; lastKnownFileType = sourcecode.c.objc; path = "NSBundle+LFCamera.m"; sourceTree = "<group>"; };
		E97422819F266C96A19D894D /* Pods-LFCameraPickerControllerDEMO.release.xcconfig */ = {isa = PBXFileReference; includeInIndex = 1; lastKnownFileType = text.xcconfig; name = "Pods-LFCameraPickerControllerDEMO.release.xcconfig"; path = "../Pods/Target Support Files/Pods-LFCameraPickerControllerDEMO/Pods-LFCameraPickerControllerDEMO.release.xcconfig"; sourceTree = "<group>"; };
/* End PBXFileReference section */

/* Begin PBXFrameworksBuildPhase section */
		6F05EE211EC44B1C006FC1BF /* Frameworks */ = {
			isa = PBXFrameworksBuildPhase;
			buildActionMask = 2147483647;
			files = (
				A229248F3E5DC6DA40F9347F /* libPods-LFCameraPickerControllerDEMO.a in Frameworks */,
			);
			runOnlyForDeploymentPostprocessing = 0;
		};
/* End PBXFrameworksBuildPhase section */

/* Begin PBXGroup section */
		054096A4440BD09A88A81769 /* Pods */ = {
			isa = PBXGroup;
			children = (
				424631D3E6B6637347970A73 /* Pods-LFCameraPickerControllerDEMO.debug.xcconfig */,
				E97422819F266C96A19D894D /* Pods-LFCameraPickerControllerDEMO.release.xcconfig */,
			);
			name = Pods;
			sourceTree = "<group>";
		};
		3B5E9F06244845AB0069E1C8 /* Tools */ = {
			isa = PBXGroup;
			children = (
				3B5E9F07244845C10069E1C8 /* LFCameraRecorderTools.h */,
				3B5E9F08244845C10069E1C8 /* LFCameraRecorderTools.m */,
			);
			path = Tools;
			sourceTree = "<group>";
		};
		6F05EE1B1EC44B1C006FC1BF = {
			isa = PBXGroup;
			children = (
				6F05EE261EC44B1C006FC1BF /* LFCameraPickerControllerDEMO */,
				6F05EE251EC44B1C006FC1BF /* Products */,
				054096A4440BD09A88A81769 /* Pods */,
				EDFF8E57D503DF84E85D4D0D /* Frameworks */,
			);
			sourceTree = "<group>";
		};
		6F05EE251EC44B1C006FC1BF /* Products */ = {
			isa = PBXGroup;
			children = (
				6F05EE241EC44B1C006FC1BF /* LFCameraPickerControllerDEMO.app */,
			);
			name = Products;
			sourceTree = "<group>";
		};
		6F05EE261EC44B1C006FC1BF /* LFCameraPickerControllerDEMO */ = {
			isa = PBXGroup;
			children = (
				6FAA50721ED2CC3F002D88A2 /* vendors */,
				6FAA50591ED2BB30002D88A2 /* class */,
				6F05EE2A1EC44B1C006FC1BF /* AppDelegate.h */,
				6F05EE2B1EC44B1C006FC1BF /* AppDelegate.m */,
				6F05EE2D1EC44B1C006FC1BF /* ViewController.h */,
				6F05EE2E1EC44B1C006FC1BF /* ViewController.m */,
				6F05EE301EC44B1C006FC1BF /* Main.storyboard */,
				6F05EE331EC44B1C006FC1BF /* Assets.xcassets */,
				6F05EE351EC44B1C006FC1BF /* LaunchScreen.storyboard */,
				6F05EE381EC44B1C006FC1BF /* Info.plist */,
				6F05EE271EC44B1C006FC1BF /* Supporting Files */,
			);
			path = LFCameraPickerControllerDEMO;
			sourceTree = "<group>";
		};
		6F05EE271EC44B1C006FC1BF /* Supporting Files */ = {
			isa = PBXGroup;
			children = (
				6F05EE281EC44B1C006FC1BF /* main.m */,
			);
			name = "Supporting Files";
			sourceTree = "<group>";
		};
		6F359B031F1C4D8C009F2035 /* view */ = {
			isa = PBXGroup;
			children = (
				6F359B041F1C4D8C009F2035 /* LFCameraWatermarkOverlayView.h */,
				6F359B051F1C4D8C009F2035 /* LFCameraWatermarkOverlayView.m */,
				6F9F32A01F7CC1B3004B6438 /* LFCameraPlayerView.h */,
				6F9F32A11F7CC1B3004B6438 /* LFCameraPlayerView.m */,
			);
			path = view;
			sourceTree = "<group>";
		};
		6FAA50591ED2BB30002D88A2 /* class */ = {
			isa = PBXGroup;
			children = (
				3B5E9F06244845AB0069E1C8 /* Tools */,
				6FAA505A1ED2BB30002D88A2 /* Category */,
				6FAA505E1ED2BB30002D88A2 /* Controller */,
				6F359B031F1C4D8C009F2035 /* view */,
				6FAA50651ED2BB30002D88A2 /* Header */,
				6FAA50681ED2BB30002D88A2 /* LFCameraPickerController.bundle */,
				6FAA50691ED2BB30002D88A2 /* LFCameraPickerController.h */,
				6FAA506A1ED2BB30002D88A2 /* LFCameraPickerController.m */,
			);
			path = class;
			sourceTree = "<group>";
		};
		6FAA505A1ED2BB30002D88A2 /* Category */ = {
			isa = PBXGroup;
			children = (
				C73F4CED22362F8000ED40B7 /* NSBundle */,
				6FAA505B1ED2BB30002D88A2 /* UIImage */,
			);
			path = Category;
			sourceTree = "<group>";
		};
		6FAA505B1ED2BB30002D88A2 /* UIImage */ = {
			isa = PBXGroup;
			children = (
				6FAA505C1ED2BB30002D88A2 /* UIImage+LFCamera_Orientation.h */,
				6FAA505D1ED2BB30002D88A2 /* UIImage+LFCamera_Orientation.m */,
				6F359B071F1C51EF009F2035 /* UIImage+LFCamera_Common.h */,
				6F359B081F1C51EF009F2035 /* UIImage+LFCamera_Common.m */,
			);
			path = UIImage;
			sourceTree = "<group>";
		};
		6FAA505E1ED2BB30002D88A2 /* Controller */ = {
			isa = PBXGroup;
			children = (
				6FAA505F1ED2BB30002D88A2 /* LFCameraBaseController.h */,
				6FAA50601ED2BB30002D88A2 /* LFCameraBaseController.m */,
				6FAA50631ED2BB30002D88A2 /* LFCameraTakeViewController.h */,
				6FAA50641ED2BB30002D88A2 /* LFCameraTakeViewController.m */,
				6FAA50611ED2BB30002D88A2 /* LFCameraDisplayController.h */,
				6FAA50621ED2BB30002D88A2 /* LFCameraDisplayController.m */,
			);
			path = Controller;
			sourceTree = "<group>";
		};
		6FAA50651ED2BB30002D88A2 /* Header */ = {
			isa = PBXGroup;
			children = (
				6FAA50661ED2BB30002D88A2 /* LFCameraHeader.h */,
				6FAA50671ED2BB30002D88A2 /* LFCameraHeader.m */,
			);
			path = Header;
			sourceTree = "<group>";
		};
		6FAA50721ED2CC3F002D88A2 /* vendors */ = {
			isa = PBXGroup;
			children = (
				6FAA50731ED2CC3F002D88A2 /* LFRecordButton */,
			);
			path = vendors;
			sourceTree = "<group>";
		};
		6FAA50731ED2CC3F002D88A2 /* LFRecordButton */ = {
			isa = PBXGroup;
			children = (
				6FAA50741ED2CC3F002D88A2 /* LFRecordButton.h */,
				6FAA50751ED2CC3F002D88A2 /* LFRecordButton.m */,
			);
			path = LFRecordButton;
			sourceTree = "<group>";
		};
		C73F4CED22362F8000ED40B7 /* NSBundle */ = {
			isa = PBXGroup;
			children = (
				C73F4CF122362FB200ED40B7 /* NSBundle+LFCamera.h */,
				C73F4CF222362FB200ED40B7 /* NSBundle+LFCamera.m */,
			);
			path = NSBundle;
			sourceTree = "<group>";
		};
		EDFF8E57D503DF84E85D4D0D /* Frameworks */ = {
			isa = PBXGroup;
			children = (
				1A6A91C38ED318A2C9956E69 /* libPods-LFCameraPickerControllerDEMO.a */,
			);
			name = Frameworks;
			sourceTree = "<group>";
		};
/* End PBXGroup section */

/* Begin PBXNativeTarget section */
		6F05EE231EC44B1C006FC1BF /* LFCameraPickerControllerDEMO */ = {
			isa = PBXNativeTarget;
			buildConfigurationList = 6F05EE3B1EC44B1C006FC1BF /* Build configuration list for PBXNativeTarget "LFCameraPickerControllerDEMO" */;
			buildPhases = (
				19C92E7D169C33B50A21D435 /* [CP] Check Pods Manifest.lock */,
				6F05EE201EC44B1C006FC1BF /* Sources */,
				6F05EE211EC44B1C006FC1BF /* Frameworks */,
				6F05EE221EC44B1C006FC1BF /* Resources */,
				807BC0F7D074A42382BF2C20 /* [CP] Embed Pods Frameworks */,
				6571A2CE59540B92807006CD /* [CP] Copy Pods Resources */,
			);
			buildRules = (
			);
			dependencies = (
			);
			name = LFCameraPickerControllerDEMO;
			productName = LFCameraPickerControllerDEMO;
			productReference = 6F05EE241EC44B1C006FC1BF /* LFCameraPickerControllerDEMO.app */;
			productType = "com.apple.product-type.application";
		};
/* End PBXNativeTarget section */

/* Begin PBXProject section */
		6F05EE1C1EC44B1C006FC1BF /* Project object */ = {
			isa = PBXProject;
			attributes = {
				LastUpgradeCheck = 0830;
				ORGANIZATIONNAME = LamTsanFeng;
				TargetAttributes = {
					6F05EE231EC44B1C006FC1BF = {
						CreatedOnToolsVersion = 8.3.2;
						DevelopmentTeam = 3VDRUN62M8;
						ProvisioningStyle = Automatic;
					};
				};
			};
			buildConfigurationList = 6F05EE1F1EC44B1C006FC1BF /* Build configuration list for PBXProject "LFCameraPickerControllerDEMO" */;
			compatibilityVersion = "Xcode 3.2";
			developmentRegion = English;
			hasScannedForEncodings = 0;
			knownRegions = (
				en,
				Base,
			);
			mainGroup = 6F05EE1B1EC44B1C006FC1BF;
			productRefGroup = 6F05EE251EC44B1C006FC1BF /* Products */;
			projectDirPath = "";
			projectRoot = "";
			targets = (
				6F05EE231EC44B1C006FC1BF /* LFCameraPickerControllerDEMO */,
			);
		};
/* End PBXProject section */

/* Begin PBXResourcesBuildPhase section */
		6F05EE221EC44B1C006FC1BF /* Resources */ = {
			isa = PBXResourcesBuildPhase;
			buildActionMask = 2147483647;
			files = (
				6FAA50701ED2BB30002D88A2 /* LFCameraPickerController.bundle in Resources */,
				6F05EE371EC44B1C006FC1BF /* LaunchScreen.storyboard in Resources */,
				6F05EE341EC44B1C006FC1BF /* Assets.xcassets in Resources */,
				6F05EE321EC44B1C006FC1BF /* Main.storyboard in Resources */,
			);
			runOnlyForDeploymentPostprocessing = 0;
		};
/* End PBXResourcesBuildPhase section */

/* Begin PBXShellScriptBuildPhase section */
		19C92E7D169C33B50A21D435 /* [CP] Check Pods Manifest.lock */ = {
			isa = PBXShellScriptBuildPhase;
			buildActionMask = 2147483647;
			files = (
			);
			inputPaths = (
				"${PODS_PODFILE_DIR_PATH}/Podfile.lock",
				"${PODS_ROOT}/Manifest.lock",
			);
			name = "[CP] Check Pods Manifest.lock";
			outputPaths = (
				"$(DERIVED_FILE_DIR)/Pods-LFCameraPickerControllerDEMO-checkManifestLockResult.txt",
			);
			runOnlyForDeploymentPostprocessing = 0;
			shellPath = /bin/sh;
			shellScript = "diff \"${PODS_PODFILE_DIR_PATH}/Podfile.lock\" \"${PODS_ROOT}/Manifest.lock\" > /dev/null\nif [ $? != 0 ] ; then\n    # print error to STDERR\n    echo \"error: The sandbox is not in sync with the Podfile.lock. Run 'pod install' or update your CocoaPods installation.\" >&2\n    exit 1\nfi\n# This output is used by Xcode 'outputs' to avoid re-running this script phase.\necho \"SUCCESS\" > \"${SCRIPT_OUTPUT_FILE_0}\"\n";
			showEnvVarsInLog = 0;
		};
		6571A2CE59540B92807006CD /* [CP] Copy Pods Resources */ = {
			isa = PBXShellScriptBuildPhase;
			buildActionMask = 2147483647;
			files = (
			);
			inputPaths = (
				"${SRCROOT}/../Pods/Target Support Files/Pods-LFCameraPickerControllerDEMO/Pods-LFCameraPickerControllerDEMO-resources.sh",
				"${PODS_ROOT}/LFMediaEditingController/LFMediaEditingController/class/common/LFMediaEditingController.bundle",
			);
			name = "[CP] Copy Pods Resources";
			outputPaths = (
				"${TARGET_BUILD_DIR}/${UNLOCALIZED_RESOURCES_FOLDER_PATH}",
			);
			runOnlyForDeploymentPostprocessing = 0;
			shellPath = /bin/sh;
			shellScript = "\"${SRCROOT}/../Pods/Target Support Files/Pods-LFCameraPickerControllerDEMO/Pods-LFCameraPickerControllerDEMO-resources.sh\"\n";
			showEnvVarsInLog = 0;
		};
		807BC0F7D074A42382BF2C20 /* [CP] Embed Pods Frameworks */ = {
			isa = PBXShellScriptBuildPhase;
			buildActionMask = 2147483647;
			files = (
			);
			inputPaths = (
			);
			name = "[CP] Embed Pods Frameworks";
			outputPaths = (
			);
			runOnlyForDeploymentPostprocessing = 0;
			shellPath = /bin/sh;
			shellScript = "\"${SRCROOT}/../Pods/Target Support Files/Pods-LFCameraPickerControllerDEMO/Pods-LFCameraPickerControllerDEMO-frameworks.sh\"\n";
			showEnvVarsInLog = 0;
		};
/* End PBXShellScriptBuildPhase section */

/* Begin PBXSourcesBuildPhase section */
		6F05EE201EC44B1C006FC1BF /* Sources */ = {
			isa = PBXSourcesBuildPhase;
			buildActionMask = 2147483647;
			files = (
				6FAA50761ED2CC3F002D88A2 /* LFRecordButton.m in Sources */,
				6FAA50711ED2BB30002D88A2 /* LFCameraPickerController.m in Sources */,
				6F05EE2F1EC44B1C006FC1BF /* ViewController.m in Sources */,
				6F9F32A21F7CC1B3004B6438 /* LFCameraPlayerView.m in Sources */,
				3B5E9F09244845C10069E1C8 /* LFCameraRecorderTools.m in Sources */,
				6FAA506E1ED2BB30002D88A2 /* LFCameraTakeViewController.m in Sources */,
				6F359B061F1C4D8C009F2035 /* LFCameraWatermarkOverlayView.m in Sources */,
				6FAA506F1ED2BB30002D88A2 /* LFCameraHeader.m in Sources */,
				C73F4CF322362FB200ED40B7 /* NSBundle+LFCamera.m in Sources */,
				6FAA506B1ED2BB30002D88A2 /* UIImage+LFCamera_Orientation.m in Sources */,
				6F05EE2C1EC44B1C006FC1BF /* AppDelegate.m in Sources */,
				6FAA506C1ED2BB30002D88A2 /* LFCameraBaseController.m in Sources */,
				6F05EE291EC44B1C006FC1BF /* main.m in Sources */,
				6FAA506D1ED2BB30002D88A2 /* LFCameraDisplayController.m in Sources */,
				6F359B091F1C51EF009F2035 /* UIImage+LFCamera_Common.m in Sources */,
			);
			runOnlyForDeploymentPostprocessing = 0;
		};
/* End PBXSourcesBuildPhase section */

/* Begin PBXVariantGroup section */
		6F05EE301EC44B1C006FC1BF /* Main.storyboard */ = {
			isa = PBXVariantGroup;
			children = (
				6F05EE311EC44B1C006FC1BF /* Base */,
			);
			name = Main.storyboard;
			sourceTree = "<group>";
		};
		6F05EE351EC44B1C006FC1BF /* LaunchScreen.storyboard */ = {
			isa = PBXVariantGroup;
			children = (
				6F05EE361EC44B1C006FC1BF /* Base */,
			);
			name = LaunchScreen.storyboard;
			sourceTree = "<group>";
		};
/* End PBXVariantGroup section */

/* Begin XCBuildConfiguration section */
		6F05EE391EC44B1C006FC1BF /* Debug */ = {
			isa = XCBuildConfiguration;
			buildSettings = {
				ALWAYS_SEARCH_USER_PATHS = NO;
				CLANG_ANALYZER_NONNULL = YES;
				CLANG_ANALYZER_NUMBER_OBJECT_CONVERSION = YES_AGGRESSIVE;
				CLANG_CXX_LANGUAGE_STANDARD = "gnu++0x";
				CLANG_CXX_LIBRARY = "libc++";
				CLANG_ENABLE_MODULES = YES;
				CLANG_ENABLE_OBJC_ARC = YES;
				CLANG_WARN_BOOL_CONVERSION = YES;
				CLANG_WARN_CONSTANT_CONVERSION = YES;
				CLANG_WARN_DIRECT_OBJC_ISA_USAGE = YES_ERROR;
				CLANG_WARN_DOCUMENTATION_COMMENTS = YES;
				CLANG_WARN_EMPTY_BODY = YES;
				CLANG_WARN_ENUM_CONVERSION = YES;
				CLANG_WARN_INFINITE_RECURSION = YES;
				CLANG_WARN_INT_CONVERSION = YES;
				CLANG_WARN_OBJC_ROOT_CLASS = YES_ERROR;
				CLANG_WARN_SUSPICIOUS_MOVE = YES;
				CLANG_WARN_UNREACHABLE_CODE = YES;
				CLANG_WARN__DUPLICATE_METHOD_MATCH = YES;
				"CODE_SIGN_IDENTITY[sdk=iphoneos*]" = "iPhone Developer";
				COPY_PHASE_STRIP = NO;
				DEBUG_INFORMATION_FORMAT = dwarf;
				ENABLE_STRICT_OBJC_MSGSEND = YES;
				ENABLE_TESTABILITY = YES;
				GCC_C_LANGUAGE_STANDARD = gnu99;
				GCC_DYNAMIC_NO_PIC = NO;
				GCC_NO_COMMON_BLOCKS = YES;
				GCC_OPTIMIZATION_LEVEL = 0;
				GCC_PREPROCESSOR_DEFINITIONS = (
					"DEBUG=1",
					"$(inherited)",
				);
				GCC_WARN_64_TO_32_BIT_CONVERSION = YES;
				GCC_WARN_ABOUT_RETURN_TYPE = YES_ERROR;
				GCC_WARN_UNDECLARED_SELECTOR = YES;
				GCC_WARN_UNINITIALIZED_AUTOS = YES_AGGRESSIVE;
				GCC_WARN_UNUSED_FUNCTION = YES;
				GCC_WARN_UNUSED_VARIABLE = YES;
				IPHONEOS_DEPLOYMENT_TARGET = 7.0;
				MTL_ENABLE_DEBUG_INFO = YES;
				ONLY_ACTIVE_ARCH = YES;
				SDKROOT = iphoneos;
			};
			name = Debug;
		};
		6F05EE3A1EC44B1C006FC1BF /* Release */ = {
			isa = XCBuildConfiguration;
			buildSettings = {
				ALWAYS_SEARCH_USER_PATHS = NO;
				CLANG_ANALYZER_NONNULL = YES;
				CLANG_ANALYZER_NUMBER_OBJECT_CONVERSION = YES_AGGRESSIVE;
				CLANG_CXX_LANGUAGE_STANDARD = "gnu++0x";
				CLANG_CXX_LIBRARY = "libc++";
				CLANG_ENABLE_MODULES = YES;
				CLANG_ENABLE_OBJC_ARC = YES;
				CLANG_WARN_BOOL_CONVERSION = YES;
				CLANG_WARN_CONSTANT_CONVERSION = YES;
				CLANG_WARN_DIRECT_OBJC_ISA_USAGE = YES_ERROR;
				CLANG_WARN_DOCUMENTATION_COMMENTS = YES;
				CLANG_WARN_EMPTY_BODY = YES;
				CLANG_WARN_ENUM_CONVERSION = YES;
				CLANG_WARN_INFINITE_RECURSION = YES;
				CLANG_WARN_INT_CONVERSION = YES;
				CLANG_WARN_OBJC_ROOT_CLASS = YES_ERROR;
				CLANG_WARN_SUSPICIOUS_MOVE = YES;
				CLANG_WARN_UNREACHABLE_CODE = YES;
				CLANG_WARN__DUPLICATE_METHOD_MATCH = YES;
				"CODE_SIGN_IDENTITY[sdk=iphoneos*]" = "iPhone Developer";
				COPY_PHASE_STRIP = NO;
				DEBUG_INFORMATION_FORMAT = "dwarf-with-dsym";
				ENABLE_NS_ASSERTIONS = NO;
				ENABLE_STRICT_OBJC_MSGSEND = YES;
				GCC_C_LANGUAGE_STANDARD = gnu99;
				GCC_NO_COMMON_BLOCKS = YES;
				GCC_WARN_64_TO_32_BIT_CONVERSION = YES;
				GCC_WARN_ABOUT_RETURN_TYPE = YES_ERROR;
				GCC_WARN_UNDECLARED_SELECTOR = YES;
				GCC_WARN_UNINITIALIZED_AUTOS = YES_AGGRESSIVE;
				GCC_WARN_UNUSED_FUNCTION = YES;
				GCC_WARN_UNUSED_VARIABLE = YES;
				IPHONEOS_DEPLOYMENT_TARGET = 7.0;
				MTL_ENABLE_DEBUG_INFO = NO;
				SDKROOT = iphoneos;
				VALIDATE_PRODUCT = YES;
			};
			name = Release;
		};
		6F05EE3C1EC44B1C006FC1BF /* Debug */ = {
			isa = XCBuildConfiguration;
			baseConfigurationReference = 424631D3E6B6637347970A73 /* Pods-LFCameraPickerControllerDEMO.debug.xcconfig */;
			buildSettings = {
				ASSETCATALOG_COMPILER_APPICON_NAME = AppIcon;
				DEVELOPMENT_TEAM = 3VDRUN62M8;
				GCC_PREPROCESSOR_DEFINITIONS = (
					"$(inherited)",
					"COCOAPODS=1",
					"LF_MEDIAEDIT=1",
				);
				INFOPLIST_FILE = LFCameraPickerControllerDEMO/Info.plist;
				IPHONEOS_DEPLOYMENT_TARGET = 7.0;
				LD_RUNPATH_SEARCH_PATHS = "$(inherited) @executable_path/Frameworks";
				PRODUCT_BUNDLE_IDENTIFIER = com.lincf0912.LFCameraPickerControllerDEMO;
				PRODUCT_NAME = "$(TARGET_NAME)";
				TARGETED_DEVICE_FAMILY = "1,2";
			};
			name = Debug;
		};
		6F05EE3D1EC44B1C006FC1BF /* Release */ = {
			isa = XCBuildConfiguration;
			baseConfigurationReference = E97422819F266C96A19D894D /* Pods-LFCameraPickerControllerDEMO.release.xcconfig */;
			buildSettings = {
				ASSETCATALOG_COMPILER_APPICON_NAME = AppIcon;
				DEVELOPMENT_TEAM = 3VDRUN62M8;
				GCC_PREPROCESSOR_DEFINITIONS = (
					"$(inherited)",
					"COCOAPODS=1",
					"LF_MEDIAEDIT=1",
				);
				INFOPLIST_FILE = LFCameraPickerControllerDEMO/Info.plist;
				IPHONEOS_DEPLOYMENT_TARGET = 7.0;
				LD_RUNPATH_SEARCH_PATHS = "$(inherited) @executable_path/Frameworks";
				PRODUCT_BUNDLE_IDENTIFIER = com.lincf0912.LFCameraPickerControllerDEMO;
				PRODUCT_NAME = "$(TARGET_NAME)";
				TARGETED_DEVICE_FAMILY = "1,2";
			};
			name = Release;
		};
/* End XCBuildConfiguration section */

/* Begin XCConfigurationList section */
		6F05EE1F1EC44B1C006FC1BF /* Build configuration list for PBXProject "LFCameraPickerControllerDEMO" */ = {
			isa = XCConfigurationList;
			buildConfigurations = (
				6F05EE391EC44B1C006FC1BF /* Debug */,
				6F05EE3A1EC44B1C006FC1BF /* Release */,
			);
			defaultConfigurationIsVisible = 0;
			defaultConfigurationName = Release;
		};
		6F05EE3B1EC44B1C006FC1BF /* Build configuration list for PBXNativeTarget "LFCameraPickerControllerDEMO" */ = {
			isa = XCConfigurationList;
			buildConfigurations = (
				6F05EE3C1EC44B1C006FC1BF /* Debug */,
				6F05EE3D1EC44B1C006FC1BF /* Release */,
			);
			defaultConfigurationIsVisible = 0;
			defaultConfigurationName = Release;
		};
/* End XCConfigurationList section */
	};
	rootObject = 6F05EE1C1EC44B1C006FC1BF /* Project object */;
}
